
Microsoft Visual Studio Solution File, Format Version 12.00
# Visual Studio Version 16
VisualStudioVersion = 16.0.31829.152
MinimumVisualStudioVersion = 10.0.40219.1
Project("{FAE04EC0-301F-11D3-BF4B-00C04F79EFBC}") = "Exercises", "Exercises.csproj", "{FCB22801-C5B7-4F31-934A-4B4E8AE50C62}"
EndProject
Global
	GlobalSection(SolutionConfigurationPlatforms) = preSolution
		Debug|Any CPU = Debug|Any CPU
		Release|Any CPU = Release|Any CPU
	EndGlobalSection
	GlobalSection(ProjectConfigurationPlatforms) = postSolution
		{FCB22801-C5B7-4F31-934A-4B4E8AE50C62}.Debug|Any CPU.ActiveCfg = Debug|Any CPU
		{FCB22801-C5B7-4F31-934A-4B4E8AE50C62}.Debug|Any CPU.Build.0 = Debug|Any CPU
		{FCB22801-C5B7-4F31-934A-4B4E8AE50C62}.Release|Any CPU.ActiveCfg = Release|Any CPU
		{FCB22801-C5B7-4F31-934A-4B4E8AE50C62}.Release|Any CPU.Build.0 = Release|Any CPU
	EndGlobalSection
	GlobalSection(SolutionProperties) = preSolution
		HideSolutionNode = FALSE
	EndGlobalSection
	GlobalSection(ExtensibilityGlobals) = postSolution
		SolutionGuid = {14CC0DBC-B576-4D2A-BCCF-94911546082E}
	EndGlobalSection
EndGlobal
